// !$*UTF8*$!
{
	archiveVersion = 1;
	classes = {
	};
	objectVersion = 56;
	objects = {

/* Begin PBXBuildFile section */
		8D1107321E3A4B8C00B2E481 /* BrainCellsApp.swift in Sources */ = {isa = PBXBuildFile; fileRef = 8D1107311E3A4B8C00B2E481 /* BrainCellsApp.swift */; };
		8D1107341E3A4B8C00B2E481 /* ContentView.swift in Sources */ = {isa = PBXBuildFile; fileRef = 8D1107331E3A4B8C00B2E481 /* ContentView.swift */; };
		8D1107361E3A4B8C00B2E481 /* Assets.xcassets in Resources */ = {isa = PBXBuildFile; fileRef = 8D1107351E3A4B8C00B2E481 /* Assets.xcassets */; };
		8D1107431E3A4B8C00B2E482 /* SpreadsheetView.swift in Sources */ = {isa = PBXBuildFile; fileRef = 8D1107421E3A4B8C00B2E482 /* SpreadsheetView.swift */; };
		8D1107451E3A4B8C00B2E483 /* NetworkService.swift in Sources */ = {isa = PBXBuildFile; fileRef = 8D1107441E3A4B8C00B2E483 /* NetworkService.swift */; };
		8D1107471E3A4B8C00B2E484 /* AIService.swift in Sources */ = {isa = PBXBuildFile; fileRef = 8D1107461E3A4B8C00B2E484 /* AIService.swift */; };
		8D1107491E3A4B8C00B2E485 /* SpreadsheetModel.swift in Sources */ = {isa = PBXBuildFile; fileRef = 8D1107481E3A4B8C00B2E485 /* SpreadsheetModel.swift */; };
/* End PBXBuildFile section */

/* Begin PBXFileReference section */
		8D11072E1E3A4B8C00B2E481 /* BrainCellsApp.app */ = {isa = PBXFileReference; explicitFileType = wrapper.application; includeInIndex = 0; path = BrainCellsApp.app; sourceTree = BUILT_PRODUCTS_DIR; };
		8D1107311E3A4B8C00B2E481 /* BrainCellsApp.swift */ = {isa = PBXFileReference; lastKnownFileType = sourcecode.swift; path = BrainCellsApp.swift; sourceTree = "<group>"; };
		8D1107331E3A4B8C00B2E481 /* ContentView.swift */ = {isa = PBXFileReference; lastKnownFileType = sourcecode.swift; path = ContentView.swift; sourceTree = "<group>"; };
		8D1107351E3A4B8C00B2E481 /* Assets.xcassets */ = {isa = PBXFileReference; lastKnownFileType = folder.assetcatalog; path = Assets.xcassets; sourceTree = "<group>"; };
		8D1107371E3A4B8C00B2E481 /* Info.plist */ = {isa = PBXFileReference; lastKnownFileType = text.plist.xml; path = Info.plist; sourceTree = "<group>"; };
		8D11073D1E3A4B8C00B2E481 /* BrainCellsApp.entitlements */ = {isa = PBXFileReference; lastKnownFileType = text.plist.entitlements; path = BrainCellsApp.entitlements; sourceTree = "<group>"; };
		8D1107421E3A4B8C00B2E482 /* SpreadsheetView.swift */ = {isa = PBXFileReference; lastKnownFileType = sourcecode.swift; path = SpreadsheetView.swift; sourceTree = "<group>"; };
		8D1107441E3A4B8C00B2E483 /* NetworkService.swift */ = {isa = PBXFileReference; lastKnownFileType = sourcecode.swift; path = NetworkService.swift; sourceTree = "<group>"; };
		8D1107461E3A4B8C00B2E484 /* AIService.swift */ = {isa = PBXFileReference; lastKnownFileType = sourcecode.swift; path = AIService.swift; sourceTree = "<group>"; };
		8D1107481E3A4B8C00B2E485 /* SpreadsheetModel.swift */ = {isa = PBXFileReference; lastKnownFileType = sourcecode.swift; path = SpreadsheetModel.swift; sourceTree = "<group>"; };
/* End PBXFileReference section */

/* Begin PBXFrameworksBuildPhase section */
		8D11072B1E3A4B8C00B2E481 /* Frameworks */ = {
			isa = PBXFrameworksBuildPhase;
			buildActionMask = 2147483647;
			files = (
			);
			runOnlyForDeploymentPostprocessing = 0;
		};
/* End PBXFrameworksBuildPhase section */

/* Begin PBXGroup section */
		8D1107251E3A4B8C00B2E481 = {
			isa = PBXGroup;
			children = (
				8D1107301E3A4B8C00B2E481 /* BrainCellsApp */,
				8D11072F1E3A4B8C00B2E481 /* Products */,
			);
			sourceTree = "<group>";
		};
		8D11072F1E3A4B8C00B2E481 /* Products */ = {
			isa = PBXGroup;
			children = (
				8D11072E1E3A4B8C00B2E481 /* BrainCellsApp.app */,
			);
			name = Products;
			sourceTree = "<group>";
		};
		8D1107301E3A4B8C00B2E481 /* BrainCellsApp */ = {
			isa = PBXGroup;
			children = (
				8D1107311E3A4B8C00B2E481 /* BrainCellsApp.swift */,
				8D1107331E3A4B8C00B2E481 /* ContentView.swift */,
				8D1107421E3A4B8C00B2E482 /* SpreadsheetView.swift */,
				8D1107461E3A4B8C00B2E484 /* AIService.swift */,
				8D1107441E3A4B8C00B2E483 /* NetworkService.swift */,
				8D1107481E3A4B8C00B2E485 /* SpreadsheetModel.swift */,
				8D1107351E3A4B8C00B2E481 /* Assets.xcassets */,
				8D1107371E3A4B8C00B2E481 /* Info.plist */,
				8D11073D1E3A4B8C00B2E481 /* BrainCellsApp.entitlements */,
			);
			path = BrainCellsApp;
			sourceTree = "<group>";
		};
/* End PBXGroup section */

/* Begin PBXNativeTarget section */
		8D11072D1E3A4B8C00B2E481 /* BrainCellsApp */ = {
			isa = PBXNativeTarget;
			buildConfigurationList = 8D1107401E3A4B8C00B2E481 /* Build configuration list for PBXNativeTarget "BrainCellsApp" */;
			buildPhases = (
				8D11072A1E3A4B8C00B2E481 /* Sources */,
				8D11072B1E3A4B8C00B2E481 /* Frameworks */,
				8D11072C1E3A4B8C00B2E481 /* Resources */,
			);
			buildRules = (
			);
			dependencies = (
			);
			name = BrainCellsApp;
			productName = BrainCellsApp;
			productReference = 8D11072E1E3A4B8C00B2E481 /* BrainCellsApp.app */;
			productType = "com.apple.product-type.application";
		};
/* End PBXNativeTarget section */

/* Begin PBXProject section */
		8D1107261E3A4B8C00B2E481 /* Project object */ = {
			isa = PBXProject;
			attributes = {
				BuildIndependentTargetsInParallel = 1;
				LastSwiftUpdateCheck = 1500;
				LastUpgradeCheck = 1500;
				TargetAttributes = {
					8D11072D1E3A4B8C00B2E481 = {
						CreatedOnToolsVersion = 15.0;
					};
				};
			};
			buildConfigurationList = 8D1107291E3A4B8C00B2E481 /* Build configuration list for PBXProject "BrainCellsApp" */;
			compatibilityVersion = "Xcode 14.0";
			developmentRegion = en;
			hasScannedForEncodings = 0;
			knownRegions = (
				en,
				Base,
			);
			mainGroup = 8D1107251E3A4B8C00B2E481;
			productRefGroup = 8D11072F1E3A4B8C00B2E481 /* Products */;
			projectDirPath = "";
			projectRoot = "";
			targets = (
				8D11072D1E3A4B8C00B2E481 /* BrainCellsApp */,
			);
		};
/* End PBXProject section */

/* Begin PBXResourcesBuildPhase section */
		8D11072C1E3A4B8C00B2E481 /* Resources */ = {
			isa = PBXResourcesBuildPhase;
			buildActionMask = 2147483647;
			files = (
				8D1107361E3A4B8C00B2E481 /* Assets.xcassets in Resources */,
			);
			runOnlyForDeploymentPostprocessing = 0;
		};
/* End PBXResourcesBuildPhase section */

/* Begin PBXSourcesBuildPhase section */
		8D11072A1E3A4B8C00B2E481 /* Sources */ = {
			isa = PBXSourcesBuildPhase;
			buildActionMask = 2147483647;
			files = (
				8D1107341E3A4B8C00B2E481 /* ContentView.swift in Sources */,
				8D1107321E3A4B8C00B2E481 /* BrainCellsApp.swift in Sources */,
				8D1107431E3A4B8C00B2E482 /* SpreadsheetView.swift in Sources */,
				8D1107451E3A4B8C00B2E483 /* NetworkService.swift in Sources */,
				8D1107471E3A4B8C00B2E484 /* AIService.swift in Sources */,
				8D1107491E3A4B8C00B2E485 /* SpreadsheetModel.swift in Sources */,
			);
			runOnlyForDeploymentPostprocessing = 0;
		};
/* End PBXSourcesBuildPhase section */

/* Begin XCBuildConfiguration section */
		8D11073E1E3A4B8C00B2E481 /* Debug */ = {
			isa = XCBuildConfiguration;
			buildSettings = {
				ALWAYS_SEARCH_USER_PATHS = NO;
				ASSETCATALOG_COMPILER_GENERATE_SWIFT_ASSET_SYMBOL_EXTENSIONS = YES;
				CLANG_ANALYZER_NONNULL = YES;
				CLANG_ANALYZER_NUMBER_OBJECT_CONVERSION = YES_AGGRESSIVE;
				CLANG_CXX_LANGUAGE_STANDARD = "gnu++20";
				CLANG_ENABLE_MODULES = YES;
				CLANG_ENABLE_OBJC_ARC = YES;
				CLANG_ENABLE_OBJC_WEAK = YES;
				CLANG_WARN_BLOCK_CAPTURE_AUTORELEASING = YES;
				CLANG_WARN_BOOL_CONVERSION = YES;
				CLANG_WARN_COMMA = YES;
				CLANG_WARN_CONSTANT_CONVERSION = YES;
				CLANG_WARN_DEPRECATED_OBJC_IMPLEMENTATIONS = YES;
				CLANG_WARN_DIRECT_OBJC_ISA_USAGE = YES_ERROR;
				CLANG_WARN_DOCUMENTATION_COMMENTS = YES;
				CLANG_WARN_EMPTY_BODY = YES;
				CLANG_WARN_ENUM_CONVERSION = YES;
				CLANG_WARN_INFINITE_RECURSION = YES;
				CLANG_WARN_INT_CONVERSION = YES;
				CLANG_WARN_NON_LITERAL_NULL_CONVERSION = YES;
				CLANG_WARN_OBJC_IMPLICIT_RETAIN_SELF = YES;
				CLANG_WARN_OBJC_LITERAL_CONVERSION = YES;
				CLANG_WARN_OBJC_ROOT_CLASS = YES_ERROR;
				CLANG_WARN_QUOTED_INCLUDE_IN_FRAMEWORK_HEADER = YES;
				CLANG_WARN_RANGE_LOOP_ANALYSIS = YES;
				CLANG_WARN_STRICT_PROTOTYPES = YES;
				CLANG_WARN_SUSPICIOUS_MOVE = YES;
				CLANG_WARN_UNGUARDED_AVAILABILITY = YES_AGGRESSIVE;
				CLANG_WARN_UNREACHABLE_CODE = YES;
				CLANG_WARN__DUPLICATE_METHOD_MATCH = YES;
				COPY_PHASE_STRIP = NO;
				DEBUG_INFORMATION_FORMAT = dwarf;
				ENABLE_STRICT_OBJC_MSGSEND = YES;
				ENABLE_TESTABILITY = YES;
				ENABLE_USER_SCRIPT_SANDBOXING = YES;
				GCC_C_LANGUAGE_STANDARD = gnu17;
				GCC_DYNAMIC_NO_PIC = NO;
				GCC_NO_COMMON_BLOCKS = YES;
				GCC_OPTIMIZATION_LEVEL = 0;
				GCC_PREPROCESSOR_DEFINITIONS = (
					"DEBUG=1",
					"$(inherited)",
				);
				GCC_WARN_64_TO_32_BIT_CONVERSION = YES;
				GCC_WARN_ABOUT_RETURN_TYPE = YES_ERROR;
				GCC_WARN_UNDECLARED_SELECTOR = YES;
				GCC_WARN_UNINITIALIZED_AUTOS = YES_AGGRESSIVE;
				GCC_WARN_UNUSED_FUNCTION = YES;
				GCC_WARN_UNUSED_VARIABLE = YES;
				LOCALIZATION_PREFERS_STRING_CATALOGS = YES;
				MACOSX_DEPLOYMENT_TARGET = 14.0;
				MTL_ENABLE_DEBUG_INFO = INCLUDE_SOURCE;
				MTL_FAST_MATH = YES;
				ONLY_ACTIVE_ARCH = YES;
				SDKROOT = macosx;
				SWIFT_ACTIVE_COMPILATION_CONDITIONS = "DEBUG $(inherited)";
				SWIFT_OPTIMIZATION_LEVEL = "-Onone";
			};
			name = Debug;
		};
		8D11073F1E3A4B8C00B2E481 /* Release */ = {
			isa = XCBuildConfiguration;
			buildSettings = {
				ALWAYS_SEARCH_USER_PATHS = NO;
				ASSETCATALOG_COMPILER_GENERATE_SWIFT_ASSET_SYMBOL_EXTENSIONS = YES;
				CLANG_ANALYZER_NONNULL = YES;
				CLANG_ANALYZER_NUMBER_OBJECT_CONVERSION = YES_AGGRESSIVE;
				CLANG_CXX_LANGUAGE_STANDARD = "gnu++20";
				CLANG_ENABLE_MODULES = YES;
				CLANG_ENABLE_OBJC_ARC = YES;
				CLANG_ENABLE_OBJC_WEAK = YES;
				CLANG_WARN_BLOCK_CAPTURE_AUTORELEASING = YES;
				CLANG_WARN_BOOL_CONVERSION = YES;
				CLANG_WARN_COMMA = YES;
				CLANG_WARN_CONSTANT_CONVERSION = YES;
				CLANG_WARN_DEPRECATED_OBJC_IMPLEMENTATIONS = YES;
				CLANG_WARN_DIRECT_OBJC_ISA_USAGE = YES_ERROR;
				CLANG_WARN_DOCUMENTATION_COMMENTS = YES;
				CLANG_WARN_EMPTY_BODY = YES;
				CLANG_WARN_ENUM_CONVERSION = YES;
				CLANG_WARN_INFINITE_RECURSION = YES;
				CLANG_WARN_INT_CONVERSION = YES;
				CLANG_WARN_NON_LITERAL_NULL_CONVERSION = YES;
				CLANG_WARN_OBJC_IMPLICIT_RETAIN_SELF = YES;
				CLANG_WARN_OBJC_LITERAL_CONVERSION = YES;
				CLANG_WARN_OBJC_ROOT_CLASS = YES_ERROR;
				CLANG_WARN_QUOTED_INCLUDE_IN_FRAMEWORK_HEADER = YES;
				CLANG_WARN_RANGE_LOOP_ANALYSIS = YES;
				CLANG_WARN_STRICT_PROTOTYPES = YES;
				CLANG_WARN_SUSPICIOUS_MOVE = YES;
				CLANG_WARN_UNGUARDED_AVAILABILITY = YES_AGGRESSIVE;
				CLANG_WARN_UNREACHABLE_CODE = YES;
				CLANG_WARN__DUPLICATE_METHOD_MATCH = YES;
				COPY_PHASE_STRIP = NO;
				DEBUG_INFORMATION_FORMAT = "dwarf-with-dsym";
				ENABLE_NS_ASSERTIONS = NO;
				ENABLE_STRICT_OBJC_MSGSEND = YES;
				ENABLE_USER_SCRIPT_SANDBOXING = YES;
				GCC_C_LANGUAGE_STANDARD = gnu17;
				GCC_NO_COMMON_BLOCKS = YES;
				GCC_WARN_64_TO_32_BIT_CONVERSION = YES;
				GCC_WARN_ABOUT_RETURN_TYPE = YES_ERROR;
				GCC_WARN_UNDECLARED_SELECTOR = YES;
				GCC_WARN_UNINITIALIZED_AUTOS = YES_AGGRESSIVE;
				GCC_WARN_UNUSED_FUNCTION = YES;
				GCC_WARN_UNUSED_VARIABLE = YES;
				LOCALIZATION_PREFERS_STRING_CATALOGS = YES;
				MACOSX_DEPLOYMENT_TARGET = 14.0;
				MTL_ENABLE_DEBUG_INFO = NO;
				MTL_FAST_MATH = YES;
				SDKROOT = macosx;
				SWIFT_COMPILATION_MODE = wholemodule;
			};
			name = Release;
		};
		8D1107411E3A4B8C00B2E481 /* Debug */ = {
			isa = XCBuildConfiguration;
			buildSettings = {
				ASSETCATALOG_COMPILER_APPICON_NAME = AppIcon;
				ASSETCATALOG_COMPILER_GLOBAL_ACCENT_COLOR_NAME = AccentColor;
				CODE_SIGN_ENTITLEMENTS = BrainCellsApp/BrainCellsApp.entitlements;
				CODE_SIGN_STYLE = Automatic;
				COMBINE_HIDPI_IMAGES = YES;
				CURRENT_PROJECT_VERSION = 1;
				DEVELOPMENT_TEAM = "";
				ENABLE_HARDENED_RUNTIME = YES;
				ENABLE_PREVIEWS = YES;
				GENERATE_INFOPLIST_FILE = YES;
				INFOPLIST_FILE = BrainCellsApp/Info.plist;
				INFOPLIST_KEY_NSHumanReadableCopyright = "";
				LD_RUNPATH_SEARCH_PATHS = (
					"$(inherited)",
					"@executable_path/../Frameworks",
				);
				MARKETING_VERSION = 1.0;
				PRODUCT_BUNDLE_IDENTIFIER = com.example.BrainCellsApp;
				PRODUCT_NAME = "$(TARGET_NAME)";
				SWIFT_EMIT_LOC_STRINGS = YES;
				SWIFT_VERSION = 5.0;
			};
			name = Debug;
		};
		8D1107421E3A4B8C00B2E481 /* Release */ = {
			isa = XCBuildConfiguration;
			buildSettings = {
				ASSETCATALOG_COMPILER_APPICON_NAME = AppIcon;
				ASSETCATALOG_COMPILER_GLOBAL_ACCENT_COLOR_NAME = AccentColor;
				CODE_SIGN_ENTITLEMENTS = BrainCellsApp/BrainCellsApp.entitlements;
				CODE_SIGN_STYLE = Automatic;
				COMBINE_HIDPI_IMAGES = YES;
				CURRENT_PROJECT_VERSION = 1;
				DEVELOPMENT_TEAM = "";
				ENABLE_HARDENED_RUNTIME = YES;
				ENABLE_PREVIEWS = YES;
				GENERATE_INFOPLIST_FILE = YES;
				INFOPLIST_FILE = BrainCellsApp/Info.plist;
				INFOPLIST_KEY_NSHumanReadableCopyright = "";
				LD_RUNPATH_SEARCH_PATHS = (
					"$(inherited)",
					"@executable_path/../Frameworks",
				);
				MARKETING_VERSION = 1.0;
				PRODUCT_BUNDLE_IDENTIFIER = com.example.BrainCellsApp;
				PRODUCT_NAME = "$(TARGET_NAME)";
				SWIFT_EMIT_LOC_STRINGS = YES;
				SWIFT_VERSION = 5.0;
			};
			name = Release;
		};
/* End XCBuildConfiguration section */

/* Begin XCConfigurationList section */
		8D1107291E3A4B8C00B2E481 /* Build configuration list for PBXProject "BrainCellsApp" */ = {
			isa = XCConfigurationList;
			buildConfigurations = (
				8D11073E1E3A4B8C00B2E481 /* Debug */,
				8D11073F1E3A4B8C00B2E481 /* Release */,
			);
			defaultConfigurationIsVisible = 0;
			defaultConfigurationName = Release;
		};
		8D1107401E3A4B8C00B2E481 /* Build configuration list for PBXNativeTarget "BrainCellsApp" */ = {
			isa = XCConfigurationList;
			buildConfigurations = (
				8D1107411E3A4B8C00B2E481 /* Debug */,
				8D1107421E3A4B8C00B2E481 /* Release */,
			);
			defaultConfigurationIsVisible = 0;
			defaultConfigurationName = Release;
		};
/* End XCConfigurationList section */
	};
	rootObject = 8D1107261E3A4B8C00B2E481 /* Project object */;
}